
Microsoft Visual Studio Solution File, Format Version 12.00
# Visual Studio Version 17
VisualStudioVersion = 17.2.32314.265
MinimumVisualStudioVersion = 10.0.40219.1
Project("{FAE04EC0-301F-11D3-BF4B-00C04F79EFBC}") = "HWNDHost", "HWNDHost\HWNDHost.csproj", "{4FA41337-8598-4B8E-90DC-E785ED5F07B5}"
EndProject
Global
	GlobalSection(SolutionConfigurationPlatforms) = preSolution
		Debug|Any CPU = Debug|Any CPU
		Release|Any CPU = Release|Any CPU
	EndGlobalSection
	GlobalSection(ProjectConfigurationPlatforms) = postSolution
		{4FA41337-8598-4B8E-90DC-E785ED5F07B5}.Debug|Any CPU.ActiveCfg = Debug|Any CPU
		{4FA41337-8598-4B8E-90DC-E785ED5F07B5}.Debug|Any CPU.Build.0 = Debug|Any CPU
		{4FA41337-8598-4B8E-90DC-E785ED5F07B5}.Release|Any CPU.ActiveCfg = Release|Any CPU
		{4FA41337-8598-4B8E-90DC-E785ED5F07B5}.Release|Any CPU.Build.0 = Release|Any CPU
	EndGlobalSection
	GlobalSection(SolutionProperties) = preSolution
		HideSolutionNode = FALSE
	EndGlobalSection
	GlobalSection(ExtensibilityGlobals) = postSolution
		SolutionGuid = {868D8CEB-CD9F-4C4C-AF88-A04BD5F6FB8F}
	EndGlobalSection
EndGlobal
